
Microsoft Visual Studio Solution File, Format Version 12.00
# Visual Studio Version 17
VisualStudioVersion = 17.0.31611.283
MinimumVisualStudioVersion = 10.0.40219.1
Project("{2150E333-8FDC-42A3-9474-1A3956D46DE8}") = "09.App", "09.App", "{0D24616D-DF2F-4812-9234-057FB901719A}"
EndProject
Project("{2150E333-8FDC-42A3-9474-1A3956D46DE8}") = "01.Common", "01.Common", "{FD9BA7D9-9F0B-4248-8E71-1958AEB58EE1}"
EndProject
Project("{2150E333-8FDC-42A3-9474-1A3956D46DE8}") = "02.Entity", "02.Entity", "{5075375B-56BE-4533-9721-2CF1D3383C34}"
EndProject
Project("{2150E333-8FDC-42A3-9474-1A3956D46DE8}") = "03.Service", "03.Service", "{6D719857-B91D-4234-BEA0-6E6B9945BAB9}"
EndProject
Project("{9A19103F-16F7-4668-BE54-9A1E7A4F7556}") = "Comm.Net.Models", "Src\Comm.Net.Models\Comm.Net.Models.csproj", "{2D93C2DF-86F2-42C5-A2A3-22159B1DD22F}"
EndProject
Project("{9A19103F-16F7-4668-BE54-9A1E7A4F7556}") = "Comm.Net.Service", "Src\Comm.Net.Service\Comm.Net.Service.csproj", "{84800AE3-04B6-4435-913A-4F49851E02CD}"
EndProject
Project("{9A19103F-16F7-4668-BE54-9A1E7A4F7556}") = "Comm.Net.Utils", "Src\Comm.Net.Utils\Comm.Net.Utils.csproj", "{A9A69162-1CBD-47A3-A863-46B83F7C4FC8}"
EndProject
Project("{2150E333-8FDC-42A3-9474-1A3956D46DE8}") = "04.Transformation", "04.Transformation", "{E12933C2-A959-47E1-9B6B-C8658C08A824}"
EndProject
Project("{9A19103F-16F7-4668-BE54-9A1E7A4F7556}") = "ITransformation", "Src\IConversion\ITransformation.csproj", "{EC99C308-F327-4FA3-BB5F-FD709B701BFD}"
EndProject
Project("{9A19103F-16F7-4668-BE54-9A1E7A4F7556}") = "Transformation", "Src\Conversion\Transformation.csproj", "{9AAFD7B5-DDA8-4017-A151-53F481C6205F}"
EndProject
Project("{2150E333-8FDC-42A3-9474-1A3956D46DE8}") = "05.Storage", "05.Storage", "{6B3641A9-69E4-457A-9038-AC470A1B42E1}"
EndProject
Project("{9A19103F-16F7-4668-BE54-9A1E7A4F7556}") = "Comm.Net.Enums", "Src\Comm.Net.Enums\Comm.Net.Enums.csproj", "{3D4A453F-1C68-49A3-B3EA-84F6BE207CDE}"
EndProject
Project("{2150E333-8FDC-42A3-9474-1A3956D46DE8}") = "10.UnitTest", "10.UnitTest", "{D0B4A2E0-1C14-4276-B4AC-FB8340DFD2DB}"
EndProject
Project("{9A19103F-16F7-4668-BE54-9A1E7A4F7556}") = "ILocalStorage", "Src\ILocalStorage\ILocalStorage.csproj", "{344D5710-8C8A-4943-97A8-DA5593B60031}"
EndProject
Project("{9A19103F-16F7-4668-BE54-9A1E7A4F7556}") = "LocalStorage", "Src\LocalStorage\LocalStorage.csproj", "{BD0D7929-802D-46AB-A33E-1DD9D9D49319}"
EndProject
Project("{9A19103F-16F7-4668-BE54-9A1E7A4F7556}") = "MauiPocTest", "Src\MauiPocTest\MauiPocTest.csproj", "{15D3B01C-EAA8-46DF-8F1E-888E6D4CFB3D}"
EndProject
Project("{9A19103F-16F7-4668-BE54-9A1E7A4F7556}") = "MauiPocUnitTest", "Src\MauiPocUnitTest\MauiPocUnitTest.csproj", "{189B23A8-E37A-4AB7-B465-F666E18F8B34}"
EndProject
Project("{9A19103F-16F7-4668-BE54-9A1E7A4F7556}") = "MauiPocUnit", "Src\MauiPocUnit\MauiPocUnit.csproj", "{D123396D-51CC-463C-BA42-76490AAA0808}"
EndProject
Project("{9A19103F-16F7-4668-BE54-9A1E7A4F7556}") = "Comm.Net.ViewModels", "Src\Comm.Net.ViewModels\Comm.Net.ViewModels.csproj", "{F7B07A5A-4411-4807-9800-86C39D82C727}"
EndProject
Global
	GlobalSection(SolutionConfigurationPlatforms) = preSolution
		Debug|Any CPU = Debug|Any CPU
		Release|Any CPU = Release|Any CPU
	EndGlobalSection
	GlobalSection(ProjectConfigurationPlatforms) = postSolution
		{2D93C2DF-86F2-42C5-A2A3-22159B1DD22F}.Debug|Any CPU.ActiveCfg = Debug|Any CPU
		{2D93C2DF-86F2-42C5-A2A3-22159B1DD22F}.Debug|Any CPU.Build.0 = Debug|Any CPU
		{2D93C2DF-86F2-42C5-A2A3-22159B1DD22F}.Release|Any CPU.ActiveCfg = Release|Any CPU
		{2D93C2DF-86F2-42C5-A2A3-22159B1DD22F}.Release|Any CPU.Build.0 = Release|Any CPU
		{84800AE3-04B6-4435-913A-4F49851E02CD}.Debug|Any CPU.ActiveCfg = Debug|Any CPU
		{84800AE3-04B6-4435-913A-4F49851E02CD}.Debug|Any CPU.Build.0 = Debug|Any CPU
		{84800AE3-04B6-4435-913A-4F49851E02CD}.Release|Any CPU.ActiveCfg = Release|Any CPU
		{84800AE3-04B6-4435-913A-4F49851E02CD}.Release|Any CPU.Build.0 = Release|Any CPU
		{A9A69162-1CBD-47A3-A863-46B83F7C4FC8}.Debug|Any CPU.ActiveCfg = Debug|Any CPU
		{A9A69162-1CBD-47A3-A863-46B83F7C4FC8}.Debug|Any CPU.Build.0 = Debug|Any CPU
		{A9A69162-1CBD-47A3-A863-46B83F7C4FC8}.Release|Any CPU.ActiveCfg = Release|Any CPU
		{A9A69162-1CBD-47A3-A863-46B83F7C4FC8}.Release|Any CPU.Build.0 = Release|Any CPU
		{EC99C308-F327-4FA3-BB5F-FD709B701BFD}.Debug|Any CPU.ActiveCfg = Debug|Any CPU
		{EC99C308-F327-4FA3-BB5F-FD709B701BFD}.Debug|Any CPU.Build.0 = Debug|Any CPU
		{EC99C308-F327-4FA3-BB5F-FD709B701BFD}.Release|Any CPU.ActiveCfg = Release|Any CPU
		{EC99C308-F327-4FA3-BB5F-FD709B701BFD}.Release|Any CPU.Build.0 = Release|Any CPU
		{9AAFD7B5-DDA8-4017-A151-53F481C6205F}.Debug|Any CPU.ActiveCfg = Debug|Any CPU
		{9AAFD7B5-DDA8-4017-A151-53F481C6205F}.Debug|Any CPU.Build.0 = Debug|Any CPU
		{9AAFD7B5-DDA8-4017-A151-53F481C6205F}.Release|Any CPU.ActiveCfg = Release|Any CPU
		{9AAFD7B5-DDA8-4017-A151-53F481C6205F}.Release|Any CPU.Build.0 = Release|Any CPU
		{3D4A453F-1C68-49A3-B3EA-84F6BE207CDE}.Debug|Any CPU.ActiveCfg = Debug|Any CPU
		{3D4A453F-1C68-49A3-B3EA-84F6BE207CDE}.Debug|Any CPU.Build.0 = Debug|Any CPU
		{3D4A453F-1C68-49A3-B3EA-84F6BE207CDE}.Release|Any CPU.ActiveCfg = Release|Any CPU
		{3D4A453F-1C68-49A3-B3EA-84F6BE207CDE}.Release|Any CPU.Build.0 = Release|Any CPU
		{344D5710-8C8A-4943-97A8-DA5593B60031}.Debug|Any CPU.ActiveCfg = Debug|Any CPU
		{344D5710-8C8A-4943-97A8-DA5593B60031}.Debug|Any CPU.Build.0 = Debug|Any CPU
		{344D5710-8C8A-4943-97A8-DA5593B60031}.Release|Any CPU.ActiveCfg = Release|Any CPU
		{344D5710-8C8A-4943-97A8-DA5593B60031}.Release|Any CPU.Build.0 = Release|Any CPU
		{BD0D7929-802D-46AB-A33E-1DD9D9D49319}.Debug|Any CPU.ActiveCfg = Debug|Any CPU
		{BD0D7929-802D-46AB-A33E-1DD9D9D49319}.Debug|Any CPU.Build.0 = Debug|Any CPU
		{BD0D7929-802D-46AB-A33E-1DD9D9D49319}.Release|Any CPU.ActiveCfg = Release|Any CPU
		{BD0D7929-802D-46AB-A33E-1DD9D9D49319}.Release|Any CPU.Build.0 = Release|Any CPU
		{15D3B01C-EAA8-46DF-8F1E-888E6D4CFB3D}.Debug|Any CPU.ActiveCfg = Debug|Any CPU
		{15D3B01C-EAA8-46DF-8F1E-888E6D4CFB3D}.Debug|Any CPU.Build.0 = Debug|Any CPU
		{15D3B01C-EAA8-46DF-8F1E-888E6D4CFB3D}.Debug|Any CPU.Deploy.0 = Debug|Any CPU
		{15D3B01C-EAA8-46DF-8F1E-888E6D4CFB3D}.Release|Any CPU.ActiveCfg = Release|Any CPU
		{15D3B01C-EAA8-46DF-8F1E-888E6D4CFB3D}.Release|Any CPU.Build.0 = Release|Any CPU
		{15D3B01C-EAA8-46DF-8F1E-888E6D4CFB3D}.Release|Any CPU.Deploy.0 = Release|Any CPU
		{189B23A8-E37A-4AB7-B465-F666E18F8B34}.Debug|Any CPU.ActiveCfg = Debug|Any CPU
		{189B23A8-E37A-4AB7-B465-F666E18F8B34}.Debug|Any CPU.Build.0 = Debug|Any CPU
		{189B23A8-E37A-4AB7-B465-F666E18F8B34}.Release|Any CPU.ActiveCfg = Release|Any CPU
		{189B23A8-E37A-4AB7-B465-F666E18F8B34}.Release|Any CPU.Build.0 = Release|Any CPU
		{D123396D-51CC-463C-BA42-76490AAA0808}.Debug|Any CPU.ActiveCfg = Debug|Any CPU
		{D123396D-51CC-463C-BA42-76490AAA0808}.Debug|Any CPU.Build.0 = Debug|Any CPU
		{D123396D-51CC-463C-BA42-76490AAA0808}.Release|Any CPU.ActiveCfg = Release|Any CPU
		{D123396D-51CC-463C-BA42-76490AAA0808}.Release|Any CPU.Build.0 = Release|Any CPU
		{F7B07A5A-4411-4807-9800-86C39D82C727}.Debug|Any CPU.ActiveCfg = Debug|Any CPU
		{F7B07A5A-4411-4807-9800-86C39D82C727}.Debug|Any CPU.Build.0 = Debug|Any CPU
		{F7B07A5A-4411-4807-9800-86C39D82C727}.Release|Any CPU.ActiveCfg = Release|Any CPU
		{F7B07A5A-4411-4807-9800-86C39D82C727}.Release|Any CPU.Build.0 = Release|Any CPU
	EndGlobalSection
	GlobalSection(SolutionProperties) = preSolution
		HideSolutionNode = FALSE
	EndGlobalSection
	GlobalSection(NestedProjects) = preSolution
		{2D93C2DF-86F2-42C5-A2A3-22159B1DD22F} = {5075375B-56BE-4533-9721-2CF1D3383C34}
		{84800AE3-04B6-4435-913A-4F49851E02CD} = {6D719857-B91D-4234-BEA0-6E6B9945BAB9}
		{A9A69162-1CBD-47A3-A863-46B83F7C4FC8} = {FD9BA7D9-9F0B-4248-8E71-1958AEB58EE1}
		{EC99C308-F327-4FA3-BB5F-FD709B701BFD} = {E12933C2-A959-47E1-9B6B-C8658C08A824}
		{9AAFD7B5-DDA8-4017-A151-53F481C6205F} = {E12933C2-A959-47E1-9B6B-C8658C08A824}
		{3D4A453F-1C68-49A3-B3EA-84F6BE207CDE} = {FD9BA7D9-9F0B-4248-8E71-1958AEB58EE1}
		{344D5710-8C8A-4943-97A8-DA5593B60031} = {6B3641A9-69E4-457A-9038-AC470A1B42E1}
		{BD0D7929-802D-46AB-A33E-1DD9D9D49319} = {6B3641A9-69E4-457A-9038-AC470A1B42E1}
		{15D3B01C-EAA8-46DF-8F1E-888E6D4CFB3D} = {0D24616D-DF2F-4812-9234-057FB901719A}
		{189B23A8-E37A-4AB7-B465-F666E18F8B34} = {D0B4A2E0-1C14-4276-B4AC-FB8340DFD2DB}
		{D123396D-51CC-463C-BA42-76490AAA0808} = {0D24616D-DF2F-4812-9234-057FB901719A}
		{F7B07A5A-4411-4807-9800-86C39D82C727} = {5075375B-56BE-4533-9721-2CF1D3383C34}
	EndGlobalSection
	GlobalSection(ExtensibilityGlobals) = postSolution
		SolutionGuid = {61F7FB11-1E47-470C-91E2-47F8143E1572}
	EndGlobalSection
EndGlobal
